
Microsoft Visual Studio Solution File, Format Version 12.00
# Visual Studio Version 17
VisualStudioVersion = 17.9.34714.143
MinimumVisualStudioVersion = 10.0.40219.1
Project("{FAE04EC0-301F-11D3-BF4B-00C04F79EFBC}") = "asp.net-webapi&entity_framework_core", "asp.net-webapi&entity_framework_core.csproj", "{BC1C7AEA-8021-458E-A701-C9D9E7F011E9}"
EndProject
Global
	GlobalSection(SolutionConfigurationPlatforms) = preSolution
		Debug|Any CPU = Debug|Any CPU
		Release|Any CPU = Release|Any CPU
	EndGlobalSection
	GlobalSection(ProjectConfigurationPlatforms) = postSolution
		{BC1C7AEA-8021-458E-A701-C9D9E7F011E9}.Debug|Any CPU.ActiveCfg = Debug|Any CPU
		{BC1C7AEA-8021-458E-A701-C9D9E7F011E9}.Debug|Any CPU.Build.0 = Debug|Any CPU
		{BC1C7AEA-8021-458E-A701-C9D9E7F011E9}.Release|Any CPU.ActiveCfg = Release|Any CPU
		{BC1C7AEA-8021-458E-A701-C9D9E7F011E9}.Release|Any CPU.Build.0 = Release|Any CPU
	EndGlobalSection
	GlobalSection(SolutionProperties) = preSolution
		HideSolutionNode = FALSE
	EndGlobalSection
	GlobalSection(ExtensibilityGlobals) = postSolution
		SolutionGuid = {74A66162-5973-4EC9-AFE9-531DA24454F9}
	EndGlobalSection
EndGlobal
